// !$*UTF8*$!
{
	archiveVersion = 1;
	classes = {
	};
	objectVersion = 46;
	objects = {

/* Begin PBXBuildFile section */
		69B42DAD1D8516A700B31D14 /* AppDelegate.swift in Sources */ = {isa = PBXBuildFile; fileRef = 69B42DAC1D8516A700B31D14 /* AppDelegate.swift */; };
		69B42DAF1D8516A700B31D14 /* ViewController.swift in Sources */ = {isa = PBXBuildFile; fileRef = 69B42DAE1D8516A700B31D14 /* ViewController.swift */; };
		69B42DB21D8516A700B31D14 /* Main.storyboard in Resources */ = {isa = PBXBuildFile; fileRef = 69B42DB01D8516A700B31D14 /* Main.storyboard */; };
		69B42DB51D8516A700B31D14 /* Cashoop.xcdatamodeld in Sources */ = {isa = PBXBuildFile; fileRef = 69B42DB31D8516A700B31D14 /* Cashoop.xcdatamodeld */; };
		69B42DB71D8516A700B31D14 /* Assets.xcassets in Resources */ = {isa = PBXBuildFile; fileRef = 69B42DB61D8516A700B31D14 /* Assets.xcassets */; };
		69B42DBA1D8516A700B31D14 /* LaunchScreen.storyboard in Resources */ = {isa = PBXBuildFile; fileRef = 69B42DB81D8516A700B31D14 /* LaunchScreen.storyboard */; };
		69B42DC51D8516A700B31D14 /* CashoopTests.swift in Sources */ = {isa = PBXBuildFile; fileRef = 69B42DC41D8516A700B31D14 /* CashoopTests.swift */; };
		69B42DD01D8516A700B31D14 /* CashoopUITests.swift in Sources */ = {isa = PBXBuildFile; fileRef = 69B42DCF1D8516A700B31D14 /* CashoopUITests.swift */; };
/* End PBXBuildFile section */

/* Begin PBXContainerItemProxy section */
		69B42DC11D8516A700B31D14 /* PBXContainerItemProxy */ = {
			isa = PBXContainerItemProxy;
			containerPortal = 69B42DA11D8516A600B31D14 /* Project object */;
			proxyType = 1;
			remoteGlobalIDString = 69B42DA81D8516A700B31D14;
			remoteInfo = Cashoop;
		};
		69B42DCC1D8516A700B31D14 /* PBXContainerItemProxy */ = {
			isa = PBXContainerItemProxy;
			containerPortal = 69B42DA11D8516A600B31D14 /* Project object */;
			proxyType = 1;
			remoteGlobalIDString = 69B42DA81D8516A700B31D14;
			remoteInfo = Cashoop;
		};
/* End PBXContainerItemProxy section */

/* Begin PBXFileReference section */
		69B42DA91D8516A700B31D14 /* Cashoop.app */ = {isa = PBXFileReference; explicitFileType = wrapper.application; includeInIndex = 0; path = Cashoop.app; sourceTree = BUILT_PRODUCTS_DIR; };
		69B42DAC1D8516A700B31D14 /* AppDelegate.swift */ = {isa = PBXFileReference; lastKnownFileType = sourcecode.swift; path = AppDelegate.swift; sourceTree = "<group>"; };
		69B42DAE1D8516A700B31D14 /* ViewController.swift */ = {isa = PBXFileReference; lastKnownFileType = sourcecode.swift; path = ViewController.swift; sourceTree = "<group>"; };
		69B42DB11D8516A700B31D14 /* Base */ = {isa = PBXFileReference; lastKnownFileType = file.storyboard; name = Base; path = Base.lproj/Main.storyboard; sourceTree = "<group>"; };
		69B42DB41D8516A700B31D14 /* Cashoop.xcdatamodel */ = {isa = PBXFileReference; lastKnownFileType = wrapper.xcdatamodel; path = Cashoop.xcdatamodel; sourceTree = "<group>"; };
		69B42DB61D8516A700B31D14 /* Assets.xcassets */ = {isa = PBXFileReference; lastKnownFileType = folder.assetcatalog; path = Assets.xcassets; sourceTree = "<group>"; };
		69B42DB91D8516A700B31D14 /* Base */ = {isa = PBXFileReference; lastKnownFileType = file.storyboard; name = Base; path = Base.lproj/LaunchScreen.storyboard; sourceTree = "<group>"; };
		69B42DBB1D8516A700B31D14 /* Info.plist */ = {isa = PBXFileReference; lastKnownFileType = text.plist.xml; path = Info.plist; sourceTree = "<group>"; };
		69B42DC01D8516A700B31D14 /* CashoopTests.xctest */ = {isa = PBXFileReference; explicitFileType = wrapper.cfbundle; includeInIndex = 0; path = CashoopTests.xctest; sourceTree = BUILT_PRODUCTS_DIR; };
		69B42DC41D8516A700B31D14 /* CashoopTests.swift */ = {isa = PBXFileReference; lastKnownFileType = sourcecode.swift; path = CashoopTests.swift; sourceTree = "<group>"; };
		69B42DC61D8516A700B31D14 /* Info.plist */ = {isa = PBXFileReference; lastKnownFileType = text.plist.xml; path = Info.plist; sourceTree = "<group>"; };
		69B42DCB1D8516A700B31D14 /* CashoopUITests.xctest */ = {isa = PBXFileReference; explicitFileType = wrapper.cfbundle; includeInIndex = 0; path = CashoopUITests.xctest; sourceTree = BUILT_PRODUCTS_DIR; };
		69B42DCF1D8516A700B31D14 /* CashoopUITests.swift */ = {isa = PBXFileReference; lastKnownFileType = sourcecode.swift; path = CashoopUITests.swift; sourceTree = "<group>"; };
		69B42DD11D8516A700B31D14 /* Info.plist */ = {isa = PBXFileReference; lastKnownFileType = text.plist.xml; path = Info.plist; sourceTree = "<group>"; };
/* End PBXFileReference section */

/* Begin PBXFrameworksBuildPhase section */
		69B42DA61D8516A700B31D14 /* Frameworks */ = {
			isa = PBXFrameworksBuildPhase;
			buildActionMask = 2147483647;
			files = (
			);
			runOnlyForDeploymentPostprocessing = 0;
		};
		69B42DBD1D8516A700B31D14 /* Frameworks */ = {
			isa = PBXFrameworksBuildPhase;
			buildActionMask = 2147483647;
			files = (
			);
			runOnlyForDeploymentPostprocessing = 0;
		};
		69B42DC81D8516A700B31D14 /* Frameworks */ = {
			isa = PBXFrameworksBuildPhase;
			buildActionMask = 2147483647;
			files = (
			);
			runOnlyForDeploymentPostprocessing = 0;
		};
/* End PBXFrameworksBuildPhase section */

/* Begin PBXGroup section */
		69B42DA01D8516A600B31D14 = {
			isa = PBXGroup;
			children = (
				69B42DAB1D8516A700B31D14 /* Cashoop */,
				69B42DC31D8516A700B31D14 /* CashoopTests */,
				69B42DCE1D8516A700B31D14 /* CashoopUITests */,
				69B42DAA1D8516A700B31D14 /* Products */,
			);
			sourceTree = "<group>";
		};
		69B42DAA1D8516A700B31D14 /* Products */ = {
			isa = PBXGroup;
			children = (
				69B42DA91D8516A700B31D14 /* Cashoop.app */,
				69B42DC01D8516A700B31D14 /* CashoopTests.xctest */,
				69B42DCB1D8516A700B31D14 /* CashoopUITests.xctest */,
			);
			name = Products;
			sourceTree = "<group>";
		};
		69B42DAB1D8516A700B31D14 /* Cashoop */ = {
			isa = PBXGroup;
			children = (
				69B42DAC1D8516A700B31D14 /* AppDelegate.swift */,
				69B42DAE1D8516A700B31D14 /* ViewController.swift */,
				69B42DB01D8516A700B31D14 /* Main.storyboard */,
				69B42DB61D8516A700B31D14 /* Assets.xcassets */,
				69B42DB81D8516A700B31D14 /* LaunchScreen.storyboard */,
				69B42DBB1D8516A700B31D14 /* Info.plist */,
				69B42DB31D8516A700B31D14 /* Cashoop.xcdatamodeld */,
			);
			path = Cashoop;
			sourceTree = "<group>";
		};
		69B42DC31D8516A700B31D14 /* CashoopTests */ = {
			isa = PBXGroup;
			children = (
				69B42DC41D8516A700B31D14 /* CashoopTests.swift */,
				69B42DC61D8516A700B31D14 /* Info.plist */,
			);
			path = CashoopTests;
			sourceTree = "<group>";
		};
		69B42DCE1D8516A700B31D14 /* CashoopUITests */ = {
			isa = PBXGroup;
			children = (
				69B42DCF1D8516A700B31D14 /* CashoopUITests.swift */,
				69B42DD11D8516A700B31D14 /* Info.plist */,
			);
			path = CashoopUITests;
			sourceTree = "<group>";
		};
/* End PBXGroup section */

/* Begin PBXNativeTarget section */
		69B42DA81D8516A700B31D14 /* Cashoop */ = {
			isa = PBXNativeTarget;
			buildConfigurationList = 69B42DD41D8516A700B31D14 /* Build configuration list for PBXNativeTarget "Cashoop" */;
			buildPhases = (
				69B42DA51D8516A700B31D14 /* Sources */,
				69B42DA61D8516A700B31D14 /* Frameworks */,
				69B42DA71D8516A700B31D14 /* Resources */,
			);
			buildRules = (
			);
			dependencies = (
			);
			name = Cashoop;
			productName = Cashoop;
			productReference = 69B42DA91D8516A700B31D14 /* Cashoop.app */;
			productType = "com.apple.product-type.application";
		};
		69B42DBF1D8516A700B31D14 /* CashoopTests */ = {
			isa = PBXNativeTarget;
			buildConfigurationList = 69B42DD71D8516A700B31D14 /* Build configuration list for PBXNativeTarget "CashoopTests" */;
			buildPhases = (
				69B42DBC1D8516A700B31D14 /* Sources */,
				69B42DBD1D8516A700B31D14 /* Frameworks */,
				69B42DBE1D8516A700B31D14 /* Resources */,
			);
			buildRules = (
			);
			dependencies = (
				69B42DC21D8516A700B31D14 /* PBXTargetDependency */,
			);
			name = CashoopTests;
			productName = CashoopTests;
			productReference = 69B42DC01D8516A700B31D14 /* CashoopTests.xctest */;
			productType = "com.apple.product-type.bundle.unit-test";
		};
		69B42DCA1D8516A700B31D14 /* CashoopUITests */ = {
			isa = PBXNativeTarget;
			buildConfigurationList = 69B42DDA1D8516A700B31D14 /* Build configuration list for PBXNativeTarget "CashoopUITests" */;
			buildPhases = (
				69B42DC71D8516A700B31D14 /* Sources */,
				69B42DC81D8516A700B31D14 /* Frameworks */,
				69B42DC91D8516A700B31D14 /* Resources */,
			);
			buildRules = (
			);
			dependencies = (
				69B42DCD1D8516A700B31D14 /* PBXTargetDependency */,
			);
			name = CashoopUITests;
			productName = CashoopUITests;
			productReference = 69B42DCB1D8516A700B31D14 /* CashoopUITests.xctest */;
			productType = "com.apple.product-type.bundle.ui-testing";
		};
/* End PBXNativeTarget section */

/* Begin PBXProject section */
		69B42DA11D8516A600B31D14 /* Project object */ = {
			isa = PBXProject;
			attributes = {
				LastSwiftUpdateCheck = 0730;
				LastUpgradeCheck = 0730;
				ORGANIZATIONNAME = "Isgi Arriza";
				TargetAttributes = {
					69B42DA81D8516A700B31D14 = {
						CreatedOnToolsVersion = 7.3;
					};
					69B42DBF1D8516A700B31D14 = {
						CreatedOnToolsVersion = 7.3;
						TestTargetID = 69B42DA81D8516A700B31D14;
					};
					69B42DCA1D8516A700B31D14 = {
						CreatedOnToolsVersion = 7.3;
						TestTargetID = 69B42DA81D8516A700B31D14;
					};
				};
			};
			buildConfigurationList = 69B42DA41D8516A600B31D14 /* Build configuration list for PBXProject "Cashoop" */;
			compatibilityVersion = "Xcode 3.2";
			developmentRegion = English;
			hasScannedForEncodings = 0;
			knownRegions = (
				en,
				Base,
			);
			mainGroup = 69B42DA01D8516A600B31D14;
			productRefGroup = 69B42DAA1D8516A700B31D14 /* Products */;
			projectDirPath = "";
			projectRoot = "";
			targets = (
				69B42DA81D8516A700B31D14 /* Cashoop */,
				69B42DBF1D8516A700B31D14 /* CashoopTests */,
				69B42DCA1D8516A700B31D14 /* CashoopUITests */,
			);
		};
/* End PBXProject section */

/* Begin PBXResourcesBuildPhase section */
		69B42DA71D8516A700B31D14 /* Resources */ = {
			isa = PBXResourcesBuildPhase;
			buildActionMask = 2147483647;
			files = (
				69B42DBA1D8516A700B31D14 /* LaunchScreen.storyboard in Resources */,
				69B42DB71D8516A700B31D14 /* Assets.xcassets in Resources */,
				69B42DB21D8516A700B31D14 /* Main.storyboard in Resources */,
			);
			runOnlyForDeploymentPostprocessing = 0;
		};
		69B42DBE1D8516A700B31D14 /* Resources */ = {
			isa = PBXResourcesBuildPhase;
			buildActionMask = 2147483647;
			files = (
			);
			runOnlyForDeploymentPostprocessing = 0;
		};
		69B42DC91D8516A700B31D14 /* Resources */ = {
			isa = PBXResourcesBuildPhase;
			buildActionMask = 2147483647;
			files = (
			);
			runOnlyForDeploymentPostprocessing = 0;
		};
/* End PBXResourcesBuildPhase section */

/* Begin PBXSourcesBuildPhase section */
		69B42DA51D8516A700B31D14 /* Sources */ = {
			isa = PBXSourcesBuildPhase;
			buildActionMask = 2147483647;
			files = (
				69B42DAF1D8516A700B31D14 /* ViewController.swift in Sources */,
				69B42DB51D8516A700B31D14 /* Cashoop.xcdatamodeld in Sources */,
				69B42DAD1D8516A700B31D14 /* AppDelegate.swift in Sources */,
			);
			runOnlyForDeploymentPostprocessing = 0;
		};
		69B42DBC1D8516A700B31D14 /* Sources */ = {
			isa = PBXSourcesBuildPhase;
			buildActionMask = 2147483647;
			files = (
				69B42DC51D8516A700B31D14 /* CashoopTests.swift in Sources */,
			);
			runOnlyForDeploymentPostprocessing = 0;
		};
		69B42DC71D8516A700B31D14 /* Sources */ = {
			isa = PBXSourcesBuildPhase;
			buildActionMask = 2147483647;
			files = (
				69B42DD01D8516A700B31D14 /* CashoopUITests.swift in Sources */,
			);
			runOnlyForDeploymentPostprocessing = 0;
		};
/* End PBXSourcesBuildPhase section */

/* Begin PBXTargetDependency section */
		69B42DC21D8516A700B31D14 /* PBXTargetDependency */ = {
			isa = PBXTargetDependency;
			target = 69B42DA81D8516A700B31D14 /* Cashoop */;
			targetProxy = 69B42DC11D8516A700B31D14 /* PBXContainerItemProxy */;
		};
		69B42DCD1D8516A700B31D14 /* PBXTargetDependency */ = {
			isa = PBXTargetDependency;
			target = 69B42DA81D8516A700B31D14 /* Cashoop */;
			targetProxy = 69B42DCC1D8516A700B31D14 /* PBXContainerItemProxy */;
		};
/* End PBXTargetDependency section */

/* Begin PBXVariantGroup section */
		69B42DB01D8516A700B31D14 /* Main.storyboard */ = {
			isa = PBXVariantGroup;
			children = (
				69B42DB11D8516A700B31D14 /* Base */,
			);
			name = Main.storyboard;
			sourceTree = "<group>";
		};
		69B42DB81D8516A700B31D14 /* LaunchScreen.storyboard */ = {
			isa = PBXVariantGroup;
			children = (
				69B42DB91D8516A700B31D14 /* Base */,
			);
			name = LaunchScreen.storyboard;
			sourceTree = "<group>";
		};
/* End PBXVariantGroup section */

/* Begin XCBuildConfiguration section */
		69B42DD21D8516A700B31D14 /* Debug */ = {
			isa = XCBuildConfiguration;
			buildSettings = {
				ALWAYS_SEARCH_USER_PATHS = NO;
				CLANG_ANALYZER_NONNULL = YES;
				CLANG_CXX_LANGUAGE_STANDARD = "gnu++0x";
				CLANG_CXX_LIBRARY = "libc++";
				CLANG_ENABLE_MODULES = YES;
				CLANG_ENABLE_OBJC_ARC = YES;
				CLANG_WARN_BOOL_CONVERSION = YES;
				CLANG_WARN_CONSTANT_CONVERSION = YES;
				CLANG_WARN_DIRECT_OBJC_ISA_USAGE = YES_ERROR;
				CLANG_WARN_EMPTY_BODY = YES;
				CLANG_WARN_ENUM_CONVERSION = YES;
				CLANG_WARN_INT_CONVERSION = YES;
				CLANG_WARN_OBJC_ROOT_CLASS = YES_ERROR;
				CLANG_WARN_UNREACHABLE_CODE = YES;
				CLANG_WARN__DUPLICATE_METHOD_MATCH = YES;
				"CODE_SIGN_IDENTITY[sdk=iphoneos*]" = "iPhone Developer";
				COPY_PHASE_STRIP = NO;
				DEBUG_INFORMATION_FORMAT = dwarf;
				ENABLE_STRICT_OBJC_MSGSEND = YES;
				ENABLE_TESTABILITY = YES;
				GCC_C_LANGUAGE_STANDARD = gnu99;
				GCC_DYNAMIC_NO_PIC = NO;
				GCC_NO_COMMON_BLOCKS = YES;
				GCC_OPTIMIZATION_LEVEL = 0;
				GCC_PREPROCESSOR_DEFINITIONS = (
					"DEBUG=1",
					"$(inherited)",
				);
				GCC_WARN_64_TO_32_BIT_CONVERSION = YES;
				GCC_WARN_ABOUT_RETURN_TYPE = YES_ERROR;
				GCC_WARN_UNDECLARED_SELECTOR = YES;
				GCC_WARN_UNINITIALIZED_AUTOS = YES_AGGRESSIVE;
				GCC_WARN_UNUSED_FUNCTION = YES;
				GCC_WARN_UNUSED_VARIABLE = YES;
				IPHONEOS_DEPLOYMENT_TARGET = 9.3;
				MTL_ENABLE_DEBUG_INFO = YES;
				ONLY_ACTIVE_ARCH = YES;
				SDKROOT = iphoneos;
				SWIFT_OPTIMIZATION_LEVEL = "-Onone";
			};
			name = Debug;
		};
		69B42DD31D8516A700B31D14 /* Release */ = {
			isa = XCBuildConfiguration;
			buildSettings = {
				ALWAYS_SEARCH_USER_PATHS = NO;
				CLANG_ANALYZER_NONNULL = YES;
				CLANG_CXX_LANGUAGE_STANDARD = "gnu++0x";
				CLANG_CXX_LIBRARY = "libc++";
				CLANG_ENABLE_MODULES = YES;
				CLANG_ENABLE_OBJC_ARC = YES;
				CLANG_WARN_BOOL_CONVERSION = YES;
				CLANG_WARN_CONSTANT_CONVERSION = YES;
				CLANG_WARN_DIRECT_OBJC_ISA_USAGE = YES_ERROR;
				CLANG_WARN_EMPTY_BODY = YES;
				CLANG_WARN_ENUM_CONVERSION = YES;
				CLANG_WARN_INT_CONVERSION = YES;
				CLANG_WARN_OBJC_ROOT_CLASS = YES_ERROR;
				CLANG_WARN_UNREACHABLE_CODE = YES;
				CLANG_WARN__DUPLICATE_METHOD_MATCH = YES;
				"CODE_SIGN_IDENTITY[sdk=iphoneos*]" = "iPhone Developer";
				COPY_PHASE_STRIP = NO;
				DEBUG_INFORMATION_FORMAT = "dwarf-with-dsym";
				ENABLE_NS_ASSERTIONS = NO;
				ENABLE_STRICT_OBJC_MSGSEND = YES;
				GCC_C_LANGUAGE_STANDARD = gnu99;
				GCC_NO_COMMON_BLOCKS = YES;
				GCC_WARN_64_TO_32_BIT_CONVERSION = YES;
				GCC_WARN_ABOUT_RETURN_TYPE = YES_ERROR;
				GCC_WARN_UNDECLARED_SELECTOR = YES;
				GCC_WARN_UNINITIALIZED_AUTOS = YES_AGGRESSIVE;
				GCC_WARN_UNUSED_FUNCTION = YES;
				GCC_WARN_UNUSED_VARIABLE = YES;
				IPHONEOS_DEPLOYMENT_TARGET = 9.3;
				MTL_ENABLE_DEBUG_INFO = NO;
				SDKROOT = iphoneos;
				VALIDATE_PRODUCT = YES;
			};
			name = Release;
		};
		69B42DD51D8516A700B31D14 /* Debug */ = {
			isa = XCBuildConfiguration;
			buildSettings = {
				ASSETCATALOG_COMPILER_APPICON_NAME = AppIcon;
				INFOPLIST_FILE = Cashoop/Info.plist;
				LD_RUNPATH_SEARCH_PATHS = "$(inherited) @executable_path/Frameworks";
				PRODUCT_BUNDLE_IDENTIFIER = isgidev.Cashoop;
				PRODUCT_NAME = "$(TARGET_NAME)";
			};
			name = Debug;
		};
		69B42DD61D8516A700B31D14 /* Release */ = {
			isa = XCBuildConfiguration;
			buildSettings = {
				ASSETCATALOG_COMPILER_APPICON_NAME = AppIcon;
				INFOPLIST_FILE = Cashoop/Info.plist;
				LD_RUNPATH_SEARCH_PATHS = "$(inherited) @executable_path/Frameworks";
				PRODUCT_BUNDLE_IDENTIFIER = isgidev.Cashoop;
				PRODUCT_NAME = "$(TARGET_NAME)";
			};
			name = Release;
		};
		69B42DD81D8516A700B31D14 /* Debug */ = {
			isa = XCBuildConfiguration;
			buildSettings = {
				BUNDLE_LOADER = "$(TEST_HOST)";
				INFOPLIST_FILE = CashoopTests/Info.plist;
				LD_RUNPATH_SEARCH_PATHS = "$(inherited) @executable_path/Frameworks @loader_path/Frameworks";
				PRODUCT_BUNDLE_IDENTIFIER = isgidev.CashoopTests;
				PRODUCT_NAME = "$(TARGET_NAME)";
				TEST_HOST = "$(BUILT_PRODUCTS_DIR)/Cashoop.app/Cashoop";
			};
			name = Debug;
		};
		69B42DD91D8516A700B31D14 /* Release */ = {
			isa = XCBuildConfiguration;
			buildSettings = {
				BUNDLE_LOADER = "$(TEST_HOST)";
				INFOPLIST_FILE = CashoopTests/Info.plist;
				LD_RUNPATH_SEARCH_PATHS = "$(inherited) @executable_path/Frameworks @loader_path/Frameworks";
				PRODUCT_BUNDLE_IDENTIFIER = isgidev.CashoopTests;
				PRODUCT_NAME = "$(TARGET_NAME)";
				TEST_HOST = "$(BUILT_PRODUCTS_DIR)/Cashoop.app/Cashoop";
			};
			name = Release;
		};
		69B42DDB1D8516A700B31D14 /* Debug */ = {
			isa = XCBuildConfiguration;
			buildSettings = {
				INFOPLIST_FILE = CashoopUITests/Info.plist;
				LD_RUNPATH_SEARCH_PATHS = "$(inherited) @executable_path/Frameworks @loader_path/Frameworks";
				PRODUCT_BUNDLE_IDENTIFIER = isgidev.CashoopUITests;
				PRODUCT_NAME = "$(TARGET_NAME)";
				TEST_TARGET_NAME = Cashoop;
			};
			name = Debug;
		};
		69B42DDC1D8516A700B31D14 /* Release */ = {
			isa = XCBuildConfiguration;
			buildSettings = {
				INFOPLIST_FILE = CashoopUITests/Info.plist;
				LD_RUNPATH_SEARCH_PATHS = "$(inherited) @executable_path/Frameworks @loader_path/Frameworks";
				PRODUCT_BUNDLE_IDENTIFIER = isgidev.CashoopUITests;
				PRODUCT_NAME = "$(TARGET_NAME)";
				TEST_TARGET_NAME = Cashoop;
			};
			name = Release;
		};
/* End XCBuildConfiguration section */

/* Begin XCConfigurationList section */
		69B42DA41D8516A600B31D14 /* Build configuration list for PBXProject "Cashoop" */ = {
			isa = XCConfigurationList;
			buildConfigurations = (
				69B42DD21D8516A700B31D14 /* Debug */,
				69B42DD31D8516A700B31D14 /* Release */,
			);
			defaultConfigurationIsVisible = 0;
			defaultConfigurationName = Release;
		};
		69B42DD41D8516A700B31D14 /* Build configuration list for PBXNativeTarget "Cashoop" */ = {
			isa = XCConfigurationList;
			buildConfigurations = (
				69B42DD51D8516A700B31D14 /* Debug */,
				69B42DD61D8516A700B31D14 /* Release */,
			);
			defaultConfigurationIsVisible = 0;
		};
		69B42DD71D8516A700B31D14 /* Build configuration list for PBXNativeTarget "CashoopTests" */ = {
			isa = XCConfigurationList;
			buildConfigurations = (
				69B42DD81D8516A700B31D14 /* Debug */,
				69B42DD91D8516A700B31D14 /* Release */,
			);
			defaultConfigurationIsVisible = 0;
		};
		69B42DDA1D8516A700B31D14 /* Build configuration list for PBXNativeTarget "CashoopUITests" */ = {
			isa = XCConfigurationList;
			buildConfigurations = (
				69B42DDB1D8516A700B31D14 /* Debug */,
				69B42DDC1D8516A700B31D14 /* Release */,
			);
			defaultConfigurationIsVisible = 0;
		};
/* End XCConfigurationList section */

/* Begin XCVersionGroup section */
		69B42DB31D8516A700B31D14 /* Cashoop.xcdatamodeld */ = {
			isa = XCVersionGroup;
			children = (
				69B42DB41D8516A700B31D14 /* Cashoop.xcdatamodel */,
			);
			currentVersion = 69B42DB41D8516A700B31D14 /* Cashoop.xcdatamodel */;
			path = Cashoop.xcdatamodeld;
			sourceTree = "<group>";
			versionGroupType = wrapper.xcdatamodel;
		};
/* End XCVersionGroup section */
	};
	rootObject = 69B42DA11D8516A600B31D14 /* Project object */;
}
