// !$*UTF8*$!
{
	archiveVersion = 1;
	classes = {
	};
	objectVersion = 46;
	objects = {

/* Begin PBXBuildFile section */
		37A95C57FF1575062B9B9AA1 /* Pods_Cashoop.framework in Frameworks */ = {isa = PBXBuildFile; fileRef = A48C4FEA71E723523F25CBE4 /* Pods_Cashoop.framework */; };
		5626FBA164C8B4E58A966C43 /* Pods_CashoopUITests.framework in Frameworks */ = {isa = PBXBuildFile; fileRef = 8732DA23537F712F12C57EF2 /* Pods_CashoopUITests.framework */; };
		691270941D91B2DC000559CC /* keys.plist in Resources */ = {isa = PBXBuildFile; fileRef = 691270931D91B2DC000559CC /* keys.plist */; };
		691468A31D8C89C700788F72 /* LoginViewController.swift in Sources */ = {isa = PBXBuildFile; fileRef = 691468A21D8C89C700788F72 /* LoginViewController.swift */; };
		695AB5721D91ACD50011C27E /* ApiController.swift in Sources */ = {isa = PBXBuildFile; fileRef = 695AB5711D91ACD50011C27E /* ApiController.swift */; };
		6965CADB1D91420E003B3EF4 /* LoginResultModel.swift in Sources */ = {isa = PBXBuildFile; fileRef = 6965CADA1D91420E003B3EF4 /* LoginResultModel.swift */; };
		6965CADD1D914238003B3EF4 /* LoginResultViewModel.swift in Sources */ = {isa = PBXBuildFile; fileRef = 6965CADC1D914238003B3EF4 /* LoginResultViewModel.swift */; };
		69B42DAD1D8516A700B31D14 /* AppDelegate.swift in Sources */ = {isa = PBXBuildFile; fileRef = 69B42DAC1D8516A700B31D14 /* AppDelegate.swift */; };
		69B42DAF1D8516A700B31D14 /* DashboardViewController.swift in Sources */ = {isa = PBXBuildFile; fileRef = 69B42DAE1D8516A700B31D14 /* DashboardViewController.swift */; };
		69B42DB21D8516A700B31D14 /* Main.storyboard in Resources */ = {isa = PBXBuildFile; fileRef = 69B42DB01D8516A700B31D14 /* Main.storyboard */; };
		69B42DB51D8516A700B31D14 /* Cashoop.xcdatamodeld in Sources */ = {isa = PBXBuildFile; fileRef = 69B42DB31D8516A700B31D14 /* Cashoop.xcdatamodeld */; };
		69B42DB71D8516A700B31D14 /* Assets.xcassets in Resources */ = {isa = PBXBuildFile; fileRef = 69B42DB61D8516A700B31D14 /* Assets.xcassets */; };
		69B42DBA1D8516A700B31D14 /* LaunchScreen.storyboard in Resources */ = {isa = PBXBuildFile; fileRef = 69B42DB81D8516A700B31D14 /* LaunchScreen.storyboard */; };
		69B42DC51D8516A700B31D14 /* CashoopTests.swift in Sources */ = {isa = PBXBuildFile; fileRef = 69B42DC41D8516A700B31D14 /* CashoopTests.swift */; };
		69B42DD01D8516A700B31D14 /* CashoopUITests.swift in Sources */ = {isa = PBXBuildFile; fileRef = 69B42DCF1D8516A700B31D14 /* CashoopUITests.swift */; };
		C01D3C6C43E9A1725DC8D1F6 /* Pods_CashoopTests.framework in Frameworks */ = {isa = PBXBuildFile; fileRef = 7A72AF9234E3461D79E34206 /* Pods_CashoopTests.framework */; };
/* End PBXBuildFile section */

/* Begin PBXContainerItemProxy section */
		69B42DC11D8516A700B31D14 /* PBXContainerItemProxy */ = {
			isa = PBXContainerItemProxy;
			containerPortal = 69B42DA11D8516A600B31D14 /* Project object */;
			proxyType = 1;
			remoteGlobalIDString = 69B42DA81D8516A700B31D14;
			remoteInfo = Cashoop;
		};
		69B42DCC1D8516A700B31D14 /* PBXContainerItemProxy */ = {
			isa = PBXContainerItemProxy;
			containerPortal = 69B42DA11D8516A600B31D14 /* Project object */;
			proxyType = 1;
			remoteGlobalIDString = 69B42DA81D8516A700B31D14;
			remoteInfo = Cashoop;
		};
/* End PBXContainerItemProxy section */

/* Begin PBXFileReference section */
		4D093D921C643665F899163C /* Pods-Cashoop.release.xcconfig */ = {isa = PBXFileReference; includeInIndex = 1; lastKnownFileType = text.xcconfig; name = "Pods-Cashoop.release.xcconfig"; path = "Pods/Target Support Files/Pods-Cashoop/Pods-Cashoop.release.xcconfig"; sourceTree = "<group>"; };
		691270931D91B2DC000559CC /* keys.plist */ = {isa = PBXFileReference; fileEncoding = 4; lastKnownFileType = text.plist.xml; path = keys.plist; sourceTree = "<group>"; };
		691468A21D8C89C700788F72 /* LoginViewController.swift */ = {isa = PBXFileReference; fileEncoding = 4; lastKnownFileType = sourcecode.swift; path = LoginViewController.swift; sourceTree = "<group>"; };
		695AB5711D91ACD50011C27E /* ApiController.swift */ = {isa = PBXFileReference; fileEncoding = 4; lastKnownFileType = sourcecode.swift; path = ApiController.swift; sourceTree = "<group>"; };
		6965CADA1D91420E003B3EF4 /* LoginResultModel.swift */ = {isa = PBXFileReference; fileEncoding = 4; lastKnownFileType = sourcecode.swift; path = LoginResultModel.swift; sourceTree = "<group>"; };
		6965CADC1D914238003B3EF4 /* LoginResultViewModel.swift */ = {isa = PBXFileReference; fileEncoding = 4; lastKnownFileType = sourcecode.swift; path = LoginResultViewModel.swift; sourceTree = "<group>"; };
		69B42DA91D8516A700B31D14 /* Cashoop.app */ = {isa = PBXFileReference; explicitFileType = wrapper.application; includeInIndex = 0; path = Cashoop.app; sourceTree = BUILT_PRODUCTS_DIR; };
		69B42DAC1D8516A700B31D14 /* AppDelegate.swift */ = {isa = PBXFileReference; lastKnownFileType = sourcecode.swift; path = AppDelegate.swift; sourceTree = "<group>"; };
		69B42DAE1D8516A700B31D14 /* DashboardViewController.swift */ = {isa = PBXFileReference; lastKnownFileType = sourcecode.swift; path = DashboardViewController.swift; sourceTree = "<group>"; };
		69B42DB11D8516A700B31D14 /* Base */ = {isa = PBXFileReference; lastKnownFileType = file.storyboard; name = Base; path = Base.lproj/Main.storyboard; sourceTree = "<group>"; };
		69B42DB41D8516A700B31D14 /* Cashoop.xcdatamodel */ = {isa = PBXFileReference; lastKnownFileType = wrapper.xcdatamodel; path = Cashoop.xcdatamodel; sourceTree = "<group>"; };
		69B42DB61D8516A700B31D14 /* Assets.xcassets */ = {isa = PBXFileReference; lastKnownFileType = folder.assetcatalog; path = Assets.xcassets; sourceTree = "<group>"; };
		69B42DB91D8516A700B31D14 /* Base */ = {isa = PBXFileReference; lastKnownFileType = file.storyboard; name = Base; path = Base.lproj/LaunchScreen.storyboard; sourceTree = "<group>"; };
		69B42DBB1D8516A700B31D14 /* Info.plist */ = {isa = PBXFileReference; lastKnownFileType = text.plist.xml; path = Info.plist; sourceTree = "<group>"; };
		69B42DC01D8516A700B31D14 /* CashoopTests.xctest */ = {isa = PBXFileReference; explicitFileType = wrapper.cfbundle; includeInIndex = 0; path = CashoopTests.xctest; sourceTree = BUILT_PRODUCTS_DIR; };
		69B42DC41D8516A700B31D14 /* CashoopTests.swift */ = {isa = PBXFileReference; lastKnownFileType = sourcecode.swift; path = CashoopTests.swift; sourceTree = "<group>"; };
		69B42DC61D8516A700B31D14 /* Info.plist */ = {isa = PBXFileReference; lastKnownFileType = text.plist.xml; path = Info.plist; sourceTree = "<group>"; };
		69B42DCB1D8516A700B31D14 /* CashoopUITests.xctest */ = {isa = PBXFileReference; explicitFileType = wrapper.cfbundle; includeInIndex = 0; path = CashoopUITests.xctest; sourceTree = BUILT_PRODUCTS_DIR; };
		69B42DCF1D8516A700B31D14 /* CashoopUITests.swift */ = {isa = PBXFileReference; lastKnownFileType = sourcecode.swift; path = CashoopUITests.swift; sourceTree = "<group>"; };
		69B42DD11D8516A700B31D14 /* Info.plist */ = {isa = PBXFileReference; lastKnownFileType = text.plist.xml; path = Info.plist; sourceTree = "<group>"; };
		752C218CEDA8DBDFA0629845 /* Pods-CashoopTests.debug.xcconfig */ = {isa = PBXFileReference; includeInIndex = 1; lastKnownFileType = text.xcconfig; name = "Pods-CashoopTests.debug.xcconfig"; path = "Pods/Target Support Files/Pods-CashoopTests/Pods-CashoopTests.debug.xcconfig"; sourceTree = "<group>"; };
		7A72AF9234E3461D79E34206 /* Pods_CashoopTests.framework */ = {isa = PBXFileReference; explicitFileType = wrapper.framework; includeInIndex = 0; path = Pods_CashoopTests.framework; sourceTree = BUILT_PRODUCTS_DIR; };
		8732DA23537F712F12C57EF2 /* Pods_CashoopUITests.framework */ = {isa = PBXFileReference; explicitFileType = wrapper.framework; includeInIndex = 0; path = Pods_CashoopUITests.framework; sourceTree = BUILT_PRODUCTS_DIR; };
		918D06F17D7408050B950A47 /* Pods-CashoopTests.release.xcconfig */ = {isa = PBXFileReference; includeInIndex = 1; lastKnownFileType = text.xcconfig; name = "Pods-CashoopTests.release.xcconfig"; path = "Pods/Target Support Files/Pods-CashoopTests/Pods-CashoopTests.release.xcconfig"; sourceTree = "<group>"; };
		987358B60C734AE3EEBFFEF9 /* Pods-Cashoop.debug.xcconfig */ = {isa = PBXFileReference; includeInIndex = 1; lastKnownFileType = text.xcconfig; name = "Pods-Cashoop.debug.xcconfig"; path = "Pods/Target Support Files/Pods-Cashoop/Pods-Cashoop.debug.xcconfig"; sourceTree = "<group>"; };
		997CDDCBECD77CE7F5B2AAFA /* Pods-CashoopUITests.debug.xcconfig */ = {isa = PBXFileReference; includeInIndex = 1; lastKnownFileType = text.xcconfig; name = "Pods-CashoopUITests.debug.xcconfig"; path = "Pods/Target Support Files/Pods-CashoopUITests/Pods-CashoopUITests.debug.xcconfig"; sourceTree = "<group>"; };
		A48C4FEA71E723523F25CBE4 /* Pods_Cashoop.framework */ = {isa = PBXFileReference; explicitFileType = wrapper.framework; includeInIndex = 0; path = Pods_Cashoop.framework; sourceTree = BUILT_PRODUCTS_DIR; };
		BDB4A8F6425F965898EA1CB8 /* Pods-CashoopUITests.release.xcconfig */ = {isa = PBXFileReference; includeInIndex = 1; lastKnownFileType = text.xcconfig; name = "Pods-CashoopUITests.release.xcconfig"; path = "Pods/Target Support Files/Pods-CashoopUITests/Pods-CashoopUITests.release.xcconfig"; sourceTree = "<group>"; };
/* End PBXFileReference section */

/* Begin PBXFrameworksBuildPhase section */
		69B42DA61D8516A700B31D14 /* Frameworks */ = {
			isa = PBXFrameworksBuildPhase;
			buildActionMask = 2147483647;
			files = (
				37A95C57FF1575062B9B9AA1 /* Pods_Cashoop.framework in Frameworks */,
			);
			runOnlyForDeploymentPostprocessing = 0;
		};
		69B42DBD1D8516A700B31D14 /* Frameworks */ = {
			isa = PBXFrameworksBuildPhase;
			buildActionMask = 2147483647;
			files = (
				C01D3C6C43E9A1725DC8D1F6 /* Pods_CashoopTests.framework in Frameworks */,
			);
			runOnlyForDeploymentPostprocessing = 0;
		};
		69B42DC81D8516A700B31D14 /* Frameworks */ = {
			isa = PBXFrameworksBuildPhase;
			buildActionMask = 2147483647;
			files = (
				5626FBA164C8B4E58A966C43 /* Pods_CashoopUITests.framework in Frameworks */,
			);
			runOnlyForDeploymentPostprocessing = 0;
		};
/* End PBXFrameworksBuildPhase section */

/* Begin PBXGroup section */
		499E645250344D7C8BF98023 /* Frameworks */ = {
			isa = PBXGroup;
			children = (
				A48C4FEA71E723523F25CBE4 /* Pods_Cashoop.framework */,
				7A72AF9234E3461D79E34206 /* Pods_CashoopTests.framework */,
				8732DA23537F712F12C57EF2 /* Pods_CashoopUITests.framework */,
			);
			name = Frameworks;
			sourceTree = "<group>";
		};
		5C250B172D8BEBCC181DCCB0 /* Pods */ = {
			isa = PBXGroup;
			children = (
				987358B60C734AE3EEBFFEF9 /* Pods-Cashoop.debug.xcconfig */,
				4D093D921C643665F899163C /* Pods-Cashoop.release.xcconfig */,
				752C218CEDA8DBDFA0629845 /* Pods-CashoopTests.debug.xcconfig */,
				918D06F17D7408050B950A47 /* Pods-CashoopTests.release.xcconfig */,
				997CDDCBECD77CE7F5B2AAFA /* Pods-CashoopUITests.debug.xcconfig */,
				BDB4A8F6425F965898EA1CB8 /* Pods-CashoopUITests.release.xcconfig */,
			);
			name = Pods;
			sourceTree = "<group>";
		};
		695014751D8ADDA500B63B33 /* Views */ = {
			isa = PBXGroup;
			children = (
				69B42DAE1D8516A700B31D14 /* DashboardViewController.swift */,
				691468A21D8C89C700788F72 /* LoginViewController.swift */,
			);
			name = Views;
			sourceTree = "<group>";
		};
		695014761D8ADE1600B63B33 /* ViewModels */ = {
			isa = PBXGroup;
			children = (
				6965CADC1D914238003B3EF4 /* LoginResultViewModel.swift */,
			);
			name = ViewModels;
			sourceTree = "<group>";
		};
		695014771D8ADE2200B63B33 /* Models */ = {
			isa = PBXGroup;
			children = (
				6965CADA1D91420E003B3EF4 /* LoginResultModel.swift */,
			);
			name = Models;
			sourceTree = "<group>";
		};
		69B42DA01D8516A600B31D14 = {
			isa = PBXGroup;
			children = (
				69B42DAB1D8516A700B31D14 /* Cashoop */,
				69B42DC31D8516A700B31D14 /* CashoopTests */,
				69B42DCE1D8516A700B31D14 /* CashoopUITests */,
				69B42DAA1D8516A700B31D14 /* Products */,
				5C250B172D8BEBCC181DCCB0 /* Pods */,
				499E645250344D7C8BF98023 /* Frameworks */,
			);
			sourceTree = "<group>";
		};
		69B42DAA1D8516A700B31D14 /* Products */ = {
			isa = PBXGroup;
			children = (
				69B42DA91D8516A700B31D14 /* Cashoop.app */,
				69B42DC01D8516A700B31D14 /* CashoopTests.xctest */,
				69B42DCB1D8516A700B31D14 /* CashoopUITests.xctest */,
			);
			name = Products;
			sourceTree = "<group>";
		};
		69B42DAB1D8516A700B31D14 /* Cashoop */ = {
			isa = PBXGroup;
			children = (
				695014771D8ADE2200B63B33 /* Models */,
				695014761D8ADE1600B63B33 /* ViewModels */,
				695014751D8ADDA500B63B33 /* Views */,
				695AB5711D91ACD50011C27E /* ApiController.swift */,
				69B42DAC1D8516A700B31D14 /* AppDelegate.swift */,
				69B42DB01D8516A700B31D14 /* Main.storyboard */,
				69B42DB61D8516A700B31D14 /* Assets.xcassets */,
				69B42DB81D8516A700B31D14 /* LaunchScreen.storyboard */,
				69B42DBB1D8516A700B31D14 /* Info.plist */,
				691270931D91B2DC000559CC /* keys.plist */,
				69B42DB31D8516A700B31D14 /* Cashoop.xcdatamodeld */,
			);
			path = Cashoop;
			sourceTree = "<group>";
		};
		69B42DC31D8516A700B31D14 /* CashoopTests */ = {
			isa = PBXGroup;
			children = (
				69B42DC41D8516A700B31D14 /* CashoopTests.swift */,
				69B42DC61D8516A700B31D14 /* Info.plist */,
			);
			path = CashoopTests;
			sourceTree = "<group>";
		};
		69B42DCE1D8516A700B31D14 /* CashoopUITests */ = {
			isa = PBXGroup;
			children = (
				69B42DCF1D8516A700B31D14 /* CashoopUITests.swift */,
				69B42DD11D8516A700B31D14 /* Info.plist */,
			);
			path = CashoopUITests;
			sourceTree = "<group>";
		};
/* End PBXGroup section */

/* Begin PBXNativeTarget section */
		69B42DA81D8516A700B31D14 /* Cashoop */ = {
			isa = PBXNativeTarget;
			buildConfigurationList = 69B42DD41D8516A700B31D14 /* Build configuration list for PBXNativeTarget "Cashoop" */;
			buildPhases = (
				B65EF404831171B117DDE24E /* [CP] Check Pods Manifest.lock */,
				69B42DA51D8516A700B31D14 /* Sources */,
				69B42DA61D8516A700B31D14 /* Frameworks */,
				69B42DA71D8516A700B31D14 /* Resources */,
				2E85BBBC6C442A81985FF943 /* [CP] Embed Pods Frameworks */,
				115E50C90C3A79E1165F0199 /* [CP] Copy Pods Resources */,
			);
			buildRules = (
			);
			dependencies = (
			);
			name = Cashoop;
			productName = Cashoop;
			productReference = 69B42DA91D8516A700B31D14 /* Cashoop.app */;
			productType = "com.apple.product-type.application";
		};
		69B42DBF1D8516A700B31D14 /* CashoopTests */ = {
			isa = PBXNativeTarget;
			buildConfigurationList = 69B42DD71D8516A700B31D14 /* Build configuration list for PBXNativeTarget "CashoopTests" */;
			buildPhases = (
				11FF363C004C1FF6489AB10E /* [CP] Check Pods Manifest.lock */,
				69B42DBC1D8516A700B31D14 /* Sources */,
				69B42DBD1D8516A700B31D14 /* Frameworks */,
				69B42DBE1D8516A700B31D14 /* Resources */,
				38CB9791BEAC392550E2BCF7 /* [CP] Embed Pods Frameworks */,
				3F07B218F73C6C010058CC7C /* [CP] Copy Pods Resources */,
			);
			buildRules = (
			);
			dependencies = (
				69B42DC21D8516A700B31D14 /* PBXTargetDependency */,
			);
			name = CashoopTests;
			productName = CashoopTests;
			productReference = 69B42DC01D8516A700B31D14 /* CashoopTests.xctest */;
			productType = "com.apple.product-type.bundle.unit-test";
		};
		69B42DCA1D8516A700B31D14 /* CashoopUITests */ = {
			isa = PBXNativeTarget;
			buildConfigurationList = 69B42DDA1D8516A700B31D14 /* Build configuration list for PBXNativeTarget "CashoopUITests" */;
			buildPhases = (
				1D8F99D5D11B2EED381D0FD7 /* [CP] Check Pods Manifest.lock */,
				69B42DC71D8516A700B31D14 /* Sources */,
				69B42DC81D8516A700B31D14 /* Frameworks */,
				69B42DC91D8516A700B31D14 /* Resources */,
				5839EBC18E74DD2F6F6987E8 /* [CP] Copy Pods Resources */,
			);
			buildRules = (
			);
			dependencies = (
				69B42DCD1D8516A700B31D14 /* PBXTargetDependency */,
			);
			name = CashoopUITests;
			productName = CashoopUITests;
			productReference = 69B42DCB1D8516A700B31D14 /* CashoopUITests.xctest */;
			productType = "com.apple.product-type.bundle.ui-testing";
		};
/* End PBXNativeTarget section */

/* Begin PBXProject section */
		69B42DA11D8516A600B31D14 /* Project object */ = {
			isa = PBXProject;
			attributes = {
				LastSwiftUpdateCheck = 0730;
				LastUpgradeCheck = 0730;
				ORGANIZATIONNAME = "Isgi Arriza";
				TargetAttributes = {
					69B42DA81D8516A700B31D14 = {
						CreatedOnToolsVersion = 7.3;
						DevelopmentTeam = EHTT47K496;
					};
					69B42DBF1D8516A700B31D14 = {
						CreatedOnToolsVersion = 7.3;
						TestTargetID = 69B42DA81D8516A700B31D14;
					};
					69B42DCA1D8516A700B31D14 = {
						CreatedOnToolsVersion = 7.3;
						TestTargetID = 69B42DA81D8516A700B31D14;
					};
				};
			};
			buildConfigurationList = 69B42DA41D8516A600B31D14 /* Build configuration list for PBXProject "Cashoop" */;
			compatibilityVersion = "Xcode 3.2";
			developmentRegion = English;
			hasScannedForEncodings = 0;
			knownRegions = (
				en,
				Base,
			);
			mainGroup = 69B42DA01D8516A600B31D14;
			productRefGroup = 69B42DAA1D8516A700B31D14 /* Products */;
			projectDirPath = "";
			projectRoot = "";
			targets = (
				69B42DA81D8516A700B31D14 /* Cashoop */,
				69B42DBF1D8516A700B31D14 /* CashoopTests */,
				69B42DCA1D8516A700B31D14 /* CashoopUITests */,
			);
		};
/* End PBXProject section */

/* Begin PBXResourcesBuildPhase section */
		69B42DA71D8516A700B31D14 /* Resources */ = {
			isa = PBXResourcesBuildPhase;
			buildActionMask = 2147483647;
			files = (
				691270941D91B2DC000559CC /* keys.plist in Resources */,
				69B42DBA1D8516A700B31D14 /* LaunchScreen.storyboard in Resources */,
				69B42DB71D8516A700B31D14 /* Assets.xcassets in Resources */,
				69B42DB21D8516A700B31D14 /* Main.storyboard in Resources */,
			);
			runOnlyForDeploymentPostprocessing = 0;
		};
		69B42DBE1D8516A700B31D14 /* Resources */ = {
			isa = PBXResourcesBuildPhase;
			buildActionMask = 2147483647;
			files = (
			);
			runOnlyForDeploymentPostprocessing = 0;
		};
		69B42DC91D8516A700B31D14 /* Resources */ = {
			isa = PBXResourcesBuildPhase;
			buildActionMask = 2147483647;
			files = (
			);
			runOnlyForDeploymentPostprocessing = 0;
		};
/* End PBXResourcesBuildPhase section */

/* Begin PBXShellScriptBuildPhase section */
		115E50C90C3A79E1165F0199 /* [CP] Copy Pods Resources */ = {
			isa = PBXShellScriptBuildPhase;
			buildActionMask = 2147483647;
			files = (
			);
			inputPaths = (
			);
			name = "[CP] Copy Pods Resources";
			outputPaths = (
			);
			runOnlyForDeploymentPostprocessing = 0;
			shellPath = /bin/sh;
			shellScript = "\"${SRCROOT}/Pods/Target Support Files/Pods-Cashoop/Pods-Cashoop-resources.sh\"\n";
			showEnvVarsInLog = 0;
		};
		11FF363C004C1FF6489AB10E /* [CP] Check Pods Manifest.lock */ = {
			isa = PBXShellScriptBuildPhase;
			buildActionMask = 2147483647;
			files = (
			);
			inputPaths = (
			);
			name = "[CP] Check Pods Manifest.lock";
			outputPaths = (
			);
			runOnlyForDeploymentPostprocessing = 0;
			shellPath = /bin/sh;
			shellScript = "diff \"${PODS_ROOT}/../Podfile.lock\" \"${PODS_ROOT}/Manifest.lock\" > /dev/null\nif [[ $? != 0 ]] ; then\n    cat << EOM\nerror: The sandbox is not in sync with the Podfile.lock. Run 'pod install' or update your CocoaPods installation.\nEOM\n    exit 1\nfi\n";
			showEnvVarsInLog = 0;
		};
		1D8F99D5D11B2EED381D0FD7 /* [CP] Check Pods Manifest.lock */ = {
			isa = PBXShellScriptBuildPhase;
			buildActionMask = 2147483647;
			files = (
			);
			inputPaths = (
			);
			name = "[CP] Check Pods Manifest.lock";
			outputPaths = (
			);
			runOnlyForDeploymentPostprocessing = 0;
			shellPath = /bin/sh;
			shellScript = "diff \"${PODS_ROOT}/../Podfile.lock\" \"${PODS_ROOT}/Manifest.lock\" > /dev/null\nif [[ $? != 0 ]] ; then\n    cat << EOM\nerror: The sandbox is not in sync with the Podfile.lock. Run 'pod install' or update your CocoaPods installation.\nEOM\n    exit 1\nfi\n";
			showEnvVarsInLog = 0;
		};
		2E85BBBC6C442A81985FF943 /* [CP] Embed Pods Frameworks */ = {
			isa = PBXShellScriptBuildPhase;
			buildActionMask = 2147483647;
			files = (
			);
			inputPaths = (
			);
			name = "[CP] Embed Pods Frameworks";
			outputPaths = (
			);
			runOnlyForDeploymentPostprocessing = 0;
			shellPath = /bin/sh;
			shellScript = "\"${SRCROOT}/Pods/Target Support Files/Pods-Cashoop/Pods-Cashoop-frameworks.sh\"\n";
			showEnvVarsInLog = 0;
		};
		38CB9791BEAC392550E2BCF7 /* [CP] Embed Pods Frameworks */ = {
			isa = PBXShellScriptBuildPhase;
			buildActionMask = 2147483647;
			files = (
			);
			inputPaths = (
			);
			name = "[CP] Embed Pods Frameworks";
			outputPaths = (
			);
			runOnlyForDeploymentPostprocessing = 0;
			shellPath = /bin/sh;
			shellScript = "\"${SRCROOT}/Pods/Target Support Files/Pods-CashoopTests/Pods-CashoopTests-frameworks.sh\"\n";
			showEnvVarsInLog = 0;
		};
		3F07B218F73C6C010058CC7C /* [CP] Copy Pods Resources */ = {
			isa = PBXShellScriptBuildPhase;
			buildActionMask = 2147483647;
			files = (
			);
			inputPaths = (
			);
			name = "[CP] Copy Pods Resources";
			outputPaths = (
			);
			runOnlyForDeploymentPostprocessing = 0;
			shellPath = /bin/sh;
			shellScript = "\"${SRCROOT}/Pods/Target Support Files/Pods-CashoopTests/Pods-CashoopTests-resources.sh\"\n";
			showEnvVarsInLog = 0;
		};
		5839EBC18E74DD2F6F6987E8 /* [CP] Copy Pods Resources */ = {
			isa = PBXShellScriptBuildPhase;
			buildActionMask = 2147483647;
			files = (
			);
			inputPaths = (
			);
			name = "[CP] Copy Pods Resources";
			outputPaths = (
			);
			runOnlyForDeploymentPostprocessing = 0;
			shellPath = /bin/sh;
			shellScript = "\"${SRCROOT}/Pods/Target Support Files/Pods-CashoopUITests/Pods-CashoopUITests-resources.sh\"\n";
			showEnvVarsInLog = 0;
		};
		B65EF404831171B117DDE24E /* [CP] Check Pods Manifest.lock */ = {
			isa = PBXShellScriptBuildPhase;
			buildActionMask = 2147483647;
			files = (
			);
			inputPaths = (
			);
			name = "[CP] Check Pods Manifest.lock";
			outputPaths = (
			);
			runOnlyForDeploymentPostprocessing = 0;
			shellPath = /bin/sh;
			shellScript = "diff \"${PODS_ROOT}/../Podfile.lock\" \"${PODS_ROOT}/Manifest.lock\" > /dev/null\nif [[ $? != 0 ]] ; then\n    cat << EOM\nerror: The sandbox is not in sync with the Podfile.lock. Run 'pod install' or update your CocoaPods installation.\nEOM\n    exit 1\nfi\n";
			showEnvVarsInLog = 0;
		};
/* End PBXShellScriptBuildPhase section */

/* Begin PBXSourcesBuildPhase section */
		69B42DA51D8516A700B31D14 /* Sources */ = {
			isa = PBXSourcesBuildPhase;
			buildActionMask = 2147483647;
			files = (
				6965CADB1D91420E003B3EF4 /* LoginResultModel.swift in Sources */,
				691468A31D8C89C700788F72 /* LoginViewController.swift in Sources */,
				695AB5721D91ACD50011C27E /* ApiController.swift in Sources */,
				6965CADD1D914238003B3EF4 /* LoginResultViewModel.swift in Sources */,
				69B42DAF1D8516A700B31D14 /* DashboardViewController.swift in Sources */,
				69B42DB51D8516A700B31D14 /* Cashoop.xcdatamodeld in Sources */,
				69B42DAD1D8516A700B31D14 /* AppDelegate.swift in Sources */,
			);
			runOnlyForDeploymentPostprocessing = 0;
		};
		69B42DBC1D8516A700B31D14 /* Sources */ = {
			isa = PBXSourcesBuildPhase;
			buildActionMask = 2147483647;
			files = (
				69B42DC51D8516A700B31D14 /* CashoopTests.swift in Sources */,
			);
			runOnlyForDeploymentPostprocessing = 0;
		};
		69B42DC71D8516A700B31D14 /* Sources */ = {
			isa = PBXSourcesBuildPhase;
			buildActionMask = 2147483647;
			files = (
				69B42DD01D8516A700B31D14 /* CashoopUITests.swift in Sources */,
			);
			runOnlyForDeploymentPostprocessing = 0;
		};
/* End PBXSourcesBuildPhase section */

/* Begin PBXTargetDependency section */
		69B42DC21D8516A700B31D14 /* PBXTargetDependency */ = {
			isa = PBXTargetDependency;
			target = 69B42DA81D8516A700B31D14 /* Cashoop */;
			targetProxy = 69B42DC11D8516A700B31D14 /* PBXContainerItemProxy */;
		};
		69B42DCD1D8516A700B31D14 /* PBXTargetDependency */ = {
			isa = PBXTargetDependency;
			target = 69B42DA81D8516A700B31D14 /* Cashoop */;
			targetProxy = 69B42DCC1D8516A700B31D14 /* PBXContainerItemProxy */;
		};
/* End PBXTargetDependency section */

/* Begin PBXVariantGroup section */
		69B42DB01D8516A700B31D14 /* Main.storyboard */ = {
			isa = PBXVariantGroup;
			children = (
				69B42DB11D8516A700B31D14 /* Base */,
			);
			name = Main.storyboard;
			sourceTree = "<group>";
		};
		69B42DB81D8516A700B31D14 /* LaunchScreen.storyboard */ = {
			isa = PBXVariantGroup;
			children = (
				69B42DB91D8516A700B31D14 /* Base */,
			);
			name = LaunchScreen.storyboard;
			sourceTree = "<group>";
		};
/* End PBXVariantGroup section */

/* Begin XCBuildConfiguration section */
		69B42DD21D8516A700B31D14 /* Debug */ = {
			isa = XCBuildConfiguration;
			buildSettings = {
				ALWAYS_SEARCH_USER_PATHS = NO;
				CLANG_ANALYZER_NONNULL = YES;
				CLANG_CXX_LANGUAGE_STANDARD = "gnu++0x";
				CLANG_CXX_LIBRARY = "libc++";
				CLANG_ENABLE_MODULES = YES;
				CLANG_ENABLE_OBJC_ARC = YES;
				CLANG_WARN_BOOL_CONVERSION = YES;
				CLANG_WARN_CONSTANT_CONVERSION = YES;
				CLANG_WARN_DIRECT_OBJC_ISA_USAGE = YES_ERROR;
				CLANG_WARN_EMPTY_BODY = YES;
				CLANG_WARN_ENUM_CONVERSION = YES;
				CLANG_WARN_INT_CONVERSION = YES;
				CLANG_WARN_OBJC_ROOT_CLASS = YES_ERROR;
				CLANG_WARN_UNREACHABLE_CODE = YES;
				CLANG_WARN__DUPLICATE_METHOD_MATCH = YES;
				"CODE_SIGN_IDENTITY[sdk=iphoneos*]" = "iPhone Developer";
				COPY_PHASE_STRIP = NO;
				DEBUG_INFORMATION_FORMAT = dwarf;
				ENABLE_STRICT_OBJC_MSGSEND = YES;
				ENABLE_TESTABILITY = YES;
				GCC_C_LANGUAGE_STANDARD = gnu99;
				GCC_DYNAMIC_NO_PIC = NO;
				GCC_NO_COMMON_BLOCKS = YES;
				GCC_OPTIMIZATION_LEVEL = 0;
				GCC_PREPROCESSOR_DEFINITIONS = (
					"DEBUG=1",
					"$(inherited)",
				);
				GCC_WARN_64_TO_32_BIT_CONVERSION = YES;
				GCC_WARN_ABOUT_RETURN_TYPE = YES_ERROR;
				GCC_WARN_UNDECLARED_SELECTOR = YES;
				GCC_WARN_UNINITIALIZED_AUTOS = YES_AGGRESSIVE;
				GCC_WARN_UNUSED_FUNCTION = YES;
				GCC_WARN_UNUSED_VARIABLE = YES;
				IPHONEOS_DEPLOYMENT_TARGET = 9.3;
				MTL_ENABLE_DEBUG_INFO = YES;
				ONLY_ACTIVE_ARCH = YES;
				SDKROOT = iphoneos;
				SWIFT_OPTIMIZATION_LEVEL = "-Onone";
			};
			name = Debug;
		};
		69B42DD31D8516A700B31D14 /* Release */ = {
			isa = XCBuildConfiguration;
			buildSettings = {
				ALWAYS_SEARCH_USER_PATHS = NO;
				CLANG_ANALYZER_NONNULL = YES;
				CLANG_CXX_LANGUAGE_STANDARD = "gnu++0x";
				CLANG_CXX_LIBRARY = "libc++";
				CLANG_ENABLE_MODULES = YES;
				CLANG_ENABLE_OBJC_ARC = YES;
				CLANG_WARN_BOOL_CONVERSION = YES;
				CLANG_WARN_CONSTANT_CONVERSION = YES;
				CLANG_WARN_DIRECT_OBJC_ISA_USAGE = YES_ERROR;
				CLANG_WARN_EMPTY_BODY = YES;
				CLANG_WARN_ENUM_CONVERSION = YES;
				CLANG_WARN_INT_CONVERSION = YES;
				CLANG_WARN_OBJC_ROOT_CLASS = YES_ERROR;
				CLANG_WARN_UNREACHABLE_CODE = YES;
				CLANG_WARN__DUPLICATE_METHOD_MATCH = YES;
				"CODE_SIGN_IDENTITY[sdk=iphoneos*]" = "iPhone Developer";
				COPY_PHASE_STRIP = NO;
				DEBUG_INFORMATION_FORMAT = "dwarf-with-dsym";
				ENABLE_NS_ASSERTIONS = NO;
				ENABLE_STRICT_OBJC_MSGSEND = YES;
				GCC_C_LANGUAGE_STANDARD = gnu99;
				GCC_NO_COMMON_BLOCKS = YES;
				GCC_WARN_64_TO_32_BIT_CONVERSION = YES;
				GCC_WARN_ABOUT_RETURN_TYPE = YES_ERROR;
				GCC_WARN_UNDECLARED_SELECTOR = YES;
				GCC_WARN_UNINITIALIZED_AUTOS = YES_AGGRESSIVE;
				GCC_WARN_UNUSED_FUNCTION = YES;
				GCC_WARN_UNUSED_VARIABLE = YES;
				IPHONEOS_DEPLOYMENT_TARGET = 9.3;
				MTL_ENABLE_DEBUG_INFO = NO;
				SDKROOT = iphoneos;
				VALIDATE_PRODUCT = YES;
			};
			name = Release;
		};
		69B42DD51D8516A700B31D14 /* Debug */ = {
			isa = XCBuildConfiguration;
			baseConfigurationReference = 987358B60C734AE3EEBFFEF9 /* Pods-Cashoop.debug.xcconfig */;
			buildSettings = {
				ASSETCATALOG_COMPILER_APPICON_NAME = AppIcon;
				CODE_SIGN_IDENTITY = "iPhone Developer";
				"CODE_SIGN_IDENTITY[sdk=iphoneos*]" = "iPhone Developer";
				INFOPLIST_FILE = Cashoop/Info.plist;
				LD_RUNPATH_SEARCH_PATHS = "$(inherited) @executable_path/Frameworks";
				PRODUCT_BUNDLE_IDENTIFIER = isgidev.Cashoop;
				PRODUCT_NAME = "$(TARGET_NAME)";
				PROVISIONING_PROFILE = "";
			};
			name = Debug;
		};
		69B42DD61D8516A700B31D14 /* Release */ = {
			isa = XCBuildConfiguration;
			baseConfigurationReference = 4D093D921C643665F899163C /* Pods-Cashoop.release.xcconfig */;
			buildSettings = {
				ASSETCATALOG_COMPILER_APPICON_NAME = AppIcon;
				CODE_SIGN_IDENTITY = "iPhone Developer";
				"CODE_SIGN_IDENTITY[sdk=iphoneos*]" = "iPhone Developer";
				INFOPLIST_FILE = Cashoop/Info.plist;
				LD_RUNPATH_SEARCH_PATHS = "$(inherited) @executable_path/Frameworks";
				PRODUCT_BUNDLE_IDENTIFIER = isgidev.Cashoop;
				PRODUCT_NAME = "$(TARGET_NAME)";
				PROVISIONING_PROFILE = "";
			};
			name = Release;
		};
		69B42DD81D8516A700B31D14 /* Debug */ = {
			isa = XCBuildConfiguration;
			baseConfigurationReference = 752C218CEDA8DBDFA0629845 /* Pods-CashoopTests.debug.xcconfig */;
			buildSettings = {
				BUNDLE_LOADER = "$(TEST_HOST)";
				INFOPLIST_FILE = CashoopTests/Info.plist;
				LD_RUNPATH_SEARCH_PATHS = "$(inherited) @executable_path/Frameworks @loader_path/Frameworks";
				PRODUCT_BUNDLE_IDENTIFIER = isgidev.CashoopTests;
				PRODUCT_NAME = "$(TARGET_NAME)";
				TEST_HOST = "$(BUILT_PRODUCTS_DIR)/Cashoop.app/Cashoop";
			};
			name = Debug;
		};
		69B42DD91D8516A700B31D14 /* Release */ = {
			isa = XCBuildConfiguration;
			baseConfigurationReference = 918D06F17D7408050B950A47 /* Pods-CashoopTests.release.xcconfig */;
			buildSettings = {
				BUNDLE_LOADER = "$(TEST_HOST)";
				INFOPLIST_FILE = CashoopTests/Info.plist;
				LD_RUNPATH_SEARCH_PATHS = "$(inherited) @executable_path/Frameworks @loader_path/Frameworks";
				PRODUCT_BUNDLE_IDENTIFIER = isgidev.CashoopTests;
				PRODUCT_NAME = "$(TARGET_NAME)";
				TEST_HOST = "$(BUILT_PRODUCTS_DIR)/Cashoop.app/Cashoop";
			};
			name = Release;
		};
		69B42DDB1D8516A700B31D14 /* Debug */ = {
			isa = XCBuildConfiguration;
			baseConfigurationReference = 997CDDCBECD77CE7F5B2AAFA /* Pods-CashoopUITests.debug.xcconfig */;
			buildSettings = {
				INFOPLIST_FILE = CashoopUITests/Info.plist;
				LD_RUNPATH_SEARCH_PATHS = "$(inherited) @executable_path/Frameworks @loader_path/Frameworks";
				PRODUCT_BUNDLE_IDENTIFIER = isgidev.CashoopUITests;
				PRODUCT_NAME = "$(TARGET_NAME)";
				TEST_TARGET_NAME = Cashoop;
			};
			name = Debug;
		};
		69B42DDC1D8516A700B31D14 /* Release */ = {
			isa = XCBuildConfiguration;
			baseConfigurationReference = BDB4A8F6425F965898EA1CB8 /* Pods-CashoopUITests.release.xcconfig */;
			buildSettings = {
				INFOPLIST_FILE = CashoopUITests/Info.plist;
				LD_RUNPATH_SEARCH_PATHS = "$(inherited) @executable_path/Frameworks @loader_path/Frameworks";
				PRODUCT_BUNDLE_IDENTIFIER = isgidev.CashoopUITests;
				PRODUCT_NAME = "$(TARGET_NAME)";
				TEST_TARGET_NAME = Cashoop;
			};
			name = Release;
		};
/* End XCBuildConfiguration section */

/* Begin XCConfigurationList section */
		69B42DA41D8516A600B31D14 /* Build configuration list for PBXProject "Cashoop" */ = {
			isa = XCConfigurationList;
			buildConfigurations = (
				69B42DD21D8516A700B31D14 /* Debug */,
				69B42DD31D8516A700B31D14 /* Release */,
			);
			defaultConfigurationIsVisible = 0;
			defaultConfigurationName = Release;
		};
		69B42DD41D8516A700B31D14 /* Build configuration list for PBXNativeTarget "Cashoop" */ = {
			isa = XCConfigurationList;
			buildConfigurations = (
				69B42DD51D8516A700B31D14 /* Debug */,
				69B42DD61D8516A700B31D14 /* Release */,
			);
			defaultConfigurationIsVisible = 0;
			defaultConfigurationName = Release;
		};
		69B42DD71D8516A700B31D14 /* Build configuration list for PBXNativeTarget "CashoopTests" */ = {
			isa = XCConfigurationList;
			buildConfigurations = (
				69B42DD81D8516A700B31D14 /* Debug */,
				69B42DD91D8516A700B31D14 /* Release */,
			);
			defaultConfigurationIsVisible = 0;
			defaultConfigurationName = Release;
		};
		69B42DDA1D8516A700B31D14 /* Build configuration list for PBXNativeTarget "CashoopUITests" */ = {
			isa = XCConfigurationList;
			buildConfigurations = (
				69B42DDB1D8516A700B31D14 /* Debug */,
				69B42DDC1D8516A700B31D14 /* Release */,
			);
			defaultConfigurationIsVisible = 0;
			defaultConfigurationName = Release;
		};
/* End XCConfigurationList section */

/* Begin XCVersionGroup section */
		69B42DB31D8516A700B31D14 /* Cashoop.xcdatamodeld */ = {
			isa = XCVersionGroup;
			children = (
				69B42DB41D8516A700B31D14 /* Cashoop.xcdatamodel */,
			);
			currentVersion = 69B42DB41D8516A700B31D14 /* Cashoop.xcdatamodel */;
			path = Cashoop.xcdatamodeld;
			sourceTree = "<group>";
			versionGroupType = wrapper.xcdatamodel;
		};
/* End XCVersionGroup section */
	};
	rootObject = 69B42DA11D8516A600B31D14 /* Project object */;
}
